{
  "name": "sequencer",
  "version": "0.0.0",
  "lockfileVersion": 2,
  "requires": true,
  "packages": {
    "": {
      "name": "sequencer",
      "version": "0.0.0",
      "dependencies": {
        "service": "file:../service"
      }
    },
    "../logger": {
      "name": "logfile",
      "version": "1.1.0",
      "extraneous": true,
      "dependencies": {
        "express": "^4.17.2",
        "morgan": "^1.10.0",
        "winston": "^3.6.0"
      }
    },
    "../redis": {
      "version": "1.1.0",
      "extraneous": true,
      "dependencies": {
        "ioredis": "^4.28.5",
        "redlock": "^5.0.0-beta.1"
      }
    },
    "../service": {
      "version": "1.0.0",
      "dependencies": {
        "express": "^4.17.3",
        "logfile": "file:../logger",
        "redis": "file:../redis"
      }
    },
    "node_modules/service": {
      "resolved": "../service",
      "link": true
    }
  },
  "dependencies": {
    "service": {
      "version": "file:../service",
      "requires": {
        "express": "^4.17.3",
        "logfile": "file:../logger",
        "redis": "file:../redis"
      }
    }
  }
}
